{
  "version": 4,
  "terraform_version": "1.11.4",
  "serial": 56,
  "lineage": "3594c790-4c1a-bb7e-9179-8696c36e4995",
  "outputs": {
    "master_ip": {
      "value": "34.148.169.12",
      "type": "string"
    },
    "worker_ips": {
      "value": [
        "34.23.225.212",
        "34.148.46.80"
      ],
      "type": [
        "tuple",
        [
          "string",
          "string"
        ]
      ]
    }
  },
  "resources": [
    {
      "mode": "managed",
      "type": "google_compute_firewall",
      "name": "ssh-rule",
      "provider": "provider[\"registry.terraform.io/hashicorp/google\"]",
      "instances": [
        {
          "schema_version": 1,
          "attributes": {
            "allow": [
              {
                "ports": [
                  "22"
                ],
                "protocol": "tcp"
              }
            ],
            "creation_timestamp": "2025-05-07T04:33:06.005-07:00",
            "deny": [],
            "description": "",
            "destination_ranges": [],
            "direction": "INGRESS",
            "disabled": false,
            "enable_logging": null,
            "id": "projects/secure-guru-451416-j9/global/firewalls/ssh",
            "log_config": [],
            "name": "ssh",
            "network": "https://www.googleapis.com/compute/v1/projects/secure-guru-451416-j9/global/networks/k3s-network",
            "priority": 1000,
            "project": "secure-guru-451416-j9",
            "self_link": "https://www.googleapis.com/compute/v1/projects/secure-guru-451416-j9/global/firewalls/ssh",
            "source_ranges": [
              "0.0.0.0/0"
            ],
            "source_service_accounts": [],
            "source_tags": [],
            "target_service_accounts": [],
            "target_tags": [
              "k3s-node"
            ],
            "timeouts": null
          },
          "sensitive_attributes": [],
          "private": "eyJlMmJmYjczMC1lY2FhLTExZTYtOGY4OC0zNDM2M2JjN2M0YzAiOnsiY3JlYXRlIjoxMjAwMDAwMDAwMDAwLCJkZWxldGUiOjEyMDAwMDAwMDAwMDAsInVwZGF0ZSI6MTIwMDAwMDAwMDAwMH0sInNjaGVtYV92ZXJzaW9uIjoiMSJ9",
          "dependencies": [
            "google_compute_network.vpc_network"
          ]
        }
      ]
    },
    {
      "mode": "managed",
      "type": "google_compute_instance",
      "name": "k3s_master",
      "provider": "provider[\"registry.terraform.io/hashicorp/google\"]",
      "instances": [
        {
          "schema_version": 6,
          "attributes": {
            "advanced_machine_features": [],
            "allow_stopping_for_update": null,
            "attached_disk": [],
            "boot_disk": [
              {
                "auto_delete": true,
                "device_name": "persistent-disk-0",
                "disk_encryption_key_raw": "",
                "disk_encryption_key_sha256": "",
                "initialize_params": [
                  {
                    "image": "https://www.googleapis.com/compute/v1/projects/debian-cloud/global/images/debian-11-bullseye-v20250415",
                    "labels": {},
                    "resource_manager_tags": {},
                    "size": 10,
                    "type": "pd-standard"
                  }
                ],
                "kms_key_self_link": "",
                "mode": "READ_WRITE",
                "source": "https://www.googleapis.com/compute/v1/projects/secure-guru-451416-j9/zones/us-east1-c/disks/k3s-master"
              }
            ],
            "can_ip_forward": false,
            "confidential_instance_config": [],
            "cpu_platform": "Intel Broadwell",
            "current_status": "RUNNING",
            "deletion_protection": false,
            "description": "",
            "desired_status": null,
            "enable_display": false,
            "guest_accelerator": [],
            "hostname": "",
            "id": "projects/secure-guru-451416-j9/zones/us-east1-c/instances/k3s-master",
            "instance_id": "3697305441432691734",
            "label_fingerprint": "42WmSpB8rSM=",
            "labels": {},
            "machine_type": "e2-small",
            "metadata": {
              "ssh-keys": "ubuntu:ssh-rsa AAAAB3NzaC1yc2EAAAADAQABAAACAQCucm7QtTnInzELkahX1VGM0YBr+o7uOJLrAx/NzIwvLXmpuNR5VYCs/pZW2UzmPHzo2q17z/eki85ib6V1IFUyP/LSBDaQ0fXL1YkrEWHAKp1JBXPflCWTd3AGByAlPoJUnN2owFW0TzzODd/c9Bi3q/83Tapr3QvmgRf3bw2E22wjPmcyN/oscvd4CQJ+Ji31E+z6I850XuMV0dPUIe4vS0vXGb+vFC3bPT4dzYXbwJ+vF9O0V4iLeQDGd9ySuvA6C1MsBBLiZToVMW2kd0P6e0Eu0BQBU5hZNbdgKmBS+8pDlUxDLd4mV7Fem8D3BwpU+Y0vx+t0qzi5f8ugsCd55q68iXWgXBBOmAaEPQkCUF0lLVGhj5aoGCPbfnCxBQ/V5PkxHbaqaMmbq79TX6uQJhHE58oGFqbsSVCNzr7Go0vcCleTPGQyC6n/YwNenoStXx3aw+S57XP0o629DLCM2x3YIUoLngJjxZDnUN8VGO1woOoUVID5Lx+JPDARCWoc46NhmPrRJX7m5UNIRj12ahth5BYekZjCOH8+iQbHTACyn5fI+stlKz/Ma7T9j3+xamNdqLao4eF0aEV6pGE7fX20lL8aEYK9SWK3zBGRxwWcJbvTWOj89/uv+9wqdB5jdN1jbKTqbr0ved5OlHZXyKKJ2/KdqeSVge/ghWEnuw== lucas@Bert.local\n"
            },
            "metadata_fingerprint": "Dmbii5_inlQ=",
            "metadata_startup_script": null,
            "min_cpu_platform": "",
            "name": "k3s-master",
            "network_interface": [
              {
                "access_config": [
                  {
                    "nat_ip": "34.148.169.12",
                    "network_tier": "PREMIUM",
                    "public_ptr_domain_name": ""
                  }
                ],
                "alias_ip_range": [],
                "internal_ipv6_prefix_length": 0,
                "ipv6_access_config": [],
                "ipv6_access_type": "",
                "ipv6_address": "",
                "name": "nic0",
                "network": "https://www.googleapis.com/compute/v1/projects/secure-guru-451416-j9/global/networks/k3s-network",
                "network_ip": "10.0.0.8",
                "nic_type": "",
                "queue_count": 0,
                "stack_type": "IPV4_ONLY",
                "subnetwork": "https://www.googleapis.com/compute/v1/projects/secure-guru-451416-j9/regions/us-east1/subnetworks/k3s-subnet",
                "subnetwork_project": "secure-guru-451416-j9"
              }
            ],
            "network_performance_config": [],
            "params": [],
            "project": "secure-guru-451416-j9",
            "reservation_affinity": [],
            "resource_policies": [],
            "scheduling": [
              {
                "automatic_restart": true,
                "instance_termination_action": "",
                "local_ssd_recovery_timeout": [],
                "min_node_cpus": 0,
                "node_affinities": [],
                "on_host_maintenance": "MIGRATE",
                "preemptible": false,
                "provisioning_model": "STANDARD"
              }
            ],
            "scratch_disk": [],
            "self_link": "https://www.googleapis.com/compute/v1/projects/secure-guru-451416-j9/zones/us-east1-c/instances/k3s-master",
            "service_account": [],
            "shielded_instance_config": [
              {
                "enable_integrity_monitoring": true,
                "enable_secure_boot": false,
                "enable_vtpm": true
              }
            ],
            "tags": [
              "k3s-node"
            ],
            "tags_fingerprint": "I0igiqBmT94=",
            "timeouts": null,
            "zone": "us-east1-c"
          },
          "sensitive_attributes": [
            [
              {
                "type": "get_attr",
                "value": "boot_disk"
              },
              {
                "type": "index",
                "value": {
                  "value": 0,
                  "type": "number"
                }
              },
              {
                "type": "get_attr",
                "value": "disk_encryption_key_raw"
              }
            ]
          ],
          "private": "eyJlMmJmYjczMC1lY2FhLTExZTYtOGY4OC0zNDM2M2JjN2M0YzAiOnsiY3JlYXRlIjoxMjAwMDAwMDAwMDAwLCJkZWxldGUiOjEyMDAwMDAwMDAwMDAsInVwZGF0ZSI6MTIwMDAwMDAwMDAwMH0sInNjaGVtYV92ZXJzaW9uIjoiNiJ9",
          "dependencies": [
            "google_compute_network.vpc_network",
            "google_compute_subnetwork.subnetwork"
          ]
        }
      ]
    },
    {
      "mode": "managed",
      "type": "google_compute_instance",
      "name": "k3s_worker",
      "provider": "provider[\"registry.terraform.io/hashicorp/google\"]",
      "instances": [
        {
          "index_key": 0,
          "schema_version": 6,
          "attributes": {
            "advanced_machine_features": [],
            "allow_stopping_for_update": null,
            "attached_disk": [],
            "boot_disk": [
              {
                "auto_delete": true,
                "device_name": "persistent-disk-0",
                "disk_encryption_key_raw": "",
                "disk_encryption_key_sha256": "",
                "initialize_params": [
                  {
                    "image": "https://www.googleapis.com/compute/v1/projects/debian-cloud/global/images/debian-11-bullseye-v20250415",
                    "labels": {},
                    "resource_manager_tags": {},
                    "size": 10,
                    "type": "pd-standard"
                  }
                ],
                "kms_key_self_link": "",
                "mode": "READ_WRITE",
                "source": "https://www.googleapis.com/compute/v1/projects/secure-guru-451416-j9/zones/us-east1-c/disks/k3s-worker-0"
              }
            ],
            "can_ip_forward": false,
            "confidential_instance_config": [],
            "cpu_platform": "Intel Broadwell",
            "current_status": "RUNNING",
            "deletion_protection": false,
            "description": "",
            "desired_status": null,
            "enable_display": false,
            "guest_accelerator": [],
            "hostname": "",
            "id": "projects/secure-guru-451416-j9/zones/us-east1-c/instances/k3s-worker-0",
            "instance_id": "1894064229660943454",
            "label_fingerprint": "42WmSpB8rSM=",
            "labels": {},
            "machine_type": "e2-small",
            "metadata": {
              "ssh-keys": "ubuntu:ssh-rsa AAAAB3NzaC1yc2EAAAADAQABAAACAQCucm7QtTnInzELkahX1VGM0YBr+o7uOJLrAx/NzIwvLXmpuNR5VYCs/pZW2UzmPHzo2q17z/eki85ib6V1IFUyP/LSBDaQ0fXL1YkrEWHAKp1JBXPflCWTd3AGByAlPoJUnN2owFW0TzzODd/c9Bi3q/83Tapr3QvmgRf3bw2E22wjPmcyN/oscvd4CQJ+Ji31E+z6I850XuMV0dPUIe4vS0vXGb+vFC3bPT4dzYXbwJ+vF9O0V4iLeQDGd9ySuvA6C1MsBBLiZToVMW2kd0P6e0Eu0BQBU5hZNbdgKmBS+8pDlUxDLd4mV7Fem8D3BwpU+Y0vx+t0qzi5f8ugsCd55q68iXWgXBBOmAaEPQkCUF0lLVGhj5aoGCPbfnCxBQ/V5PkxHbaqaMmbq79TX6uQJhHE58oGFqbsSVCNzr7Go0vcCleTPGQyC6n/YwNenoStXx3aw+S57XP0o629DLCM2x3YIUoLngJjxZDnUN8VGO1woOoUVID5Lx+JPDARCWoc46NhmPrRJX7m5UNIRj12ahth5BYekZjCOH8+iQbHTACyn5fI+stlKz/Ma7T9j3+xamNdqLao4eF0aEV6pGE7fX20lL8aEYK9SWK3zBGRxwWcJbvTWOj89/uv+9wqdB5jdN1jbKTqbr0ved5OlHZXyKKJ2/KdqeSVge/ghWEnuw== lucas@Bert.local\n"
            },
            "metadata_fingerprint": "Dmbii5_inlQ=",
            "metadata_startup_script": null,
            "min_cpu_platform": "",
            "name": "k3s-worker-0",
            "network_interface": [
              {
                "access_config": [
                  {
                    "nat_ip": "34.23.225.212",
                    "network_tier": "PREMIUM",
                    "public_ptr_domain_name": ""
                  }
                ],
                "alias_ip_range": [],
                "internal_ipv6_prefix_length": 0,
                "ipv6_access_config": [],
                "ipv6_access_type": "",
                "ipv6_address": "",
                "name": "nic0",
                "network": "https://www.googleapis.com/compute/v1/projects/secure-guru-451416-j9/global/networks/k3s-network",
                "network_ip": "10.0.0.6",
                "nic_type": "",
                "queue_count": 0,
                "stack_type": "IPV4_ONLY",
                "subnetwork": "https://www.googleapis.com/compute/v1/projects/secure-guru-451416-j9/regions/us-east1/subnetworks/k3s-subnet",
                "subnetwork_project": "secure-guru-451416-j9"
              }
            ],
            "network_performance_config": [],
            "params": [],
            "project": "secure-guru-451416-j9",
            "reservation_affinity": [],
            "resource_policies": [],
            "scheduling": [
              {
                "automatic_restart": true,
                "instance_termination_action": "",
                "local_ssd_recovery_timeout": [],
                "min_node_cpus": 0,
                "node_affinities": [],
                "on_host_maintenance": "MIGRATE",
                "preemptible": false,
                "provisioning_model": "STANDARD"
              }
            ],
            "scratch_disk": [],
            "self_link": "https://www.googleapis.com/compute/v1/projects/secure-guru-451416-j9/zones/us-east1-c/instances/k3s-worker-0",
            "service_account": [],
            "shielded_instance_config": [
              {
                "enable_integrity_monitoring": true,
                "enable_secure_boot": false,
                "enable_vtpm": true
              }
            ],
            "tags": [],
            "tags_fingerprint": "42WmSpB8rSM=",
            "timeouts": null,
            "zone": "us-east1-c"
          },
          "sensitive_attributes": [
            [
              {
                "type": "get_attr",
                "value": "boot_disk"
              },
              {
                "type": "index",
                "value": {
                  "value": 0,
                  "type": "number"
                }
              },
              {
                "type": "get_attr",
                "value": "disk_encryption_key_raw"
              }
            ]
          ],
          "private": "eyJlMmJmYjczMC1lY2FhLTExZTYtOGY4OC0zNDM2M2JjN2M0YzAiOnsiY3JlYXRlIjoxMjAwMDAwMDAwMDAwLCJkZWxldGUiOjEyMDAwMDAwMDAwMDAsInVwZGF0ZSI6MTIwMDAwMDAwMDAwMH0sInNjaGVtYV92ZXJzaW9uIjoiNiJ9",
          "dependencies": [
            "google_compute_network.vpc_network",
            "google_compute_subnetwork.subnetwork"
          ]
        },
        {
          "index_key": 1,
          "schema_version": 6,
          "attributes": {
            "advanced_machine_features": [],
            "allow_stopping_for_update": null,
            "attached_disk": [],
            "boot_disk": [
              {
                "auto_delete": true,
                "device_name": "persistent-disk-0",
                "disk_encryption_key_raw": "",
                "disk_encryption_key_sha256": "",
                "initialize_params": [
                  {
                    "image": "https://www.googleapis.com/compute/v1/projects/debian-cloud/global/images/debian-11-bullseye-v20250415",
                    "labels": {},
                    "resource_manager_tags": {},
                    "size": 10,
                    "type": "pd-standard"
                  }
                ],
                "kms_key_self_link": "",
                "mode": "READ_WRITE",
                "source": "https://www.googleapis.com/compute/v1/projects/secure-guru-451416-j9/zones/us-east1-c/disks/k3s-worker-1"
              }
            ],
            "can_ip_forward": false,
            "confidential_instance_config": [],
            "cpu_platform": "Intel Broadwell",
            "current_status": "RUNNING",
            "deletion_protection": false,
            "description": "",
            "desired_status": null,
            "enable_display": false,
            "guest_accelerator": [],
            "hostname": "",
            "id": "projects/secure-guru-451416-j9/zones/us-east1-c/instances/k3s-worker-1",
            "instance_id": "2296782448055739486",
            "label_fingerprint": "42WmSpB8rSM=",
            "labels": {},
            "machine_type": "e2-small",
            "metadata": {
              "ssh-keys": "ubuntu:ssh-rsa AAAAB3NzaC1yc2EAAAADAQABAAACAQCucm7QtTnInzELkahX1VGM0YBr+o7uOJLrAx/NzIwvLXmpuNR5VYCs/pZW2UzmPHzo2q17z/eki85ib6V1IFUyP/LSBDaQ0fXL1YkrEWHAKp1JBXPflCWTd3AGByAlPoJUnN2owFW0TzzODd/c9Bi3q/83Tapr3QvmgRf3bw2E22wjPmcyN/oscvd4CQJ+Ji31E+z6I850XuMV0dPUIe4vS0vXGb+vFC3bPT4dzYXbwJ+vF9O0V4iLeQDGd9ySuvA6C1MsBBLiZToVMW2kd0P6e0Eu0BQBU5hZNbdgKmBS+8pDlUxDLd4mV7Fem8D3BwpU+Y0vx+t0qzi5f8ugsCd55q68iXWgXBBOmAaEPQkCUF0lLVGhj5aoGCPbfnCxBQ/V5PkxHbaqaMmbq79TX6uQJhHE58oGFqbsSVCNzr7Go0vcCleTPGQyC6n/YwNenoStXx3aw+S57XP0o629DLCM2x3YIUoLngJjxZDnUN8VGO1woOoUVID5Lx+JPDARCWoc46NhmPrRJX7m5UNIRj12ahth5BYekZjCOH8+iQbHTACyn5fI+stlKz/Ma7T9j3+xamNdqLao4eF0aEV6pGE7fX20lL8aEYK9SWK3zBGRxwWcJbvTWOj89/uv+9wqdB5jdN1jbKTqbr0ved5OlHZXyKKJ2/KdqeSVge/ghWEnuw== lucas@Bert.local\n"
            },
            "metadata_fingerprint": "Dmbii5_inlQ=",
            "metadata_startup_script": null,
            "min_cpu_platform": "",
            "name": "k3s-worker-1",
            "network_interface": [
              {
                "access_config": [
                  {
                    "nat_ip": "34.148.46.80",
                    "network_tier": "PREMIUM",
                    "public_ptr_domain_name": ""
                  }
                ],
                "alias_ip_range": [],
                "internal_ipv6_prefix_length": 0,
                "ipv6_access_config": [],
                "ipv6_access_type": "",
                "ipv6_address": "",
                "name": "nic0",
                "network": "https://www.googleapis.com/compute/v1/projects/secure-guru-451416-j9/global/networks/k3s-network",
                "network_ip": "10.0.0.7",
                "nic_type": "",
                "queue_count": 0,
                "stack_type": "IPV4_ONLY",
                "subnetwork": "https://www.googleapis.com/compute/v1/projects/secure-guru-451416-j9/regions/us-east1/subnetworks/k3s-subnet",
                "subnetwork_project": "secure-guru-451416-j9"
              }
            ],
            "network_performance_config": [],
            "params": [],
            "project": "secure-guru-451416-j9",
            "reservation_affinity": [],
            "resource_policies": [],
            "scheduling": [
              {
                "automatic_restart": true,
                "instance_termination_action": "",
                "local_ssd_recovery_timeout": [],
                "min_node_cpus": 0,
                "node_affinities": [],
                "on_host_maintenance": "MIGRATE",
                "preemptible": false,
                "provisioning_model": "STANDARD"
              }
            ],
            "scratch_disk": [],
            "self_link": "https://www.googleapis.com/compute/v1/projects/secure-guru-451416-j9/zones/us-east1-c/instances/k3s-worker-1",
            "service_account": [],
            "shielded_instance_config": [
              {
                "enable_integrity_monitoring": true,
                "enable_secure_boot": false,
                "enable_vtpm": true
              }
            ],
            "tags": [],
            "tags_fingerprint": "42WmSpB8rSM=",
            "timeouts": null,
            "zone": "us-east1-c"
          },
          "sensitive_attributes": [
            [
              {
                "type": "get_attr",
                "value": "boot_disk"
              },
              {
                "type": "index",
                "value": {
                  "value": 0,
                  "type": "number"
                }
              },
              {
                "type": "get_attr",
                "value": "disk_encryption_key_raw"
              }
            ]
          ],
          "private": "eyJlMmJmYjczMC1lY2FhLTExZTYtOGY4OC0zNDM2M2JjN2M0YzAiOnsiY3JlYXRlIjoxMjAwMDAwMDAwMDAwLCJkZWxldGUiOjEyMDAwMDAwMDAwMDAsInVwZGF0ZSI6MTIwMDAwMDAwMDAwMH0sInNjaGVtYV92ZXJzaW9uIjoiNiJ9",
          "dependencies": [
            "google_compute_network.vpc_network",
            "google_compute_subnetwork.subnetwork"
          ]
        }
      ]
    },
    {
      "mode": "managed",
      "type": "google_compute_network",
      "name": "vpc_network",
      "provider": "provider[\"registry.terraform.io/hashicorp/google\"]",
      "instances": [
        {
          "schema_version": 0,
          "attributes": {
            "auto_create_subnetworks": true,
            "delete_default_routes_on_create": false,
            "description": "",
            "enable_ula_internal_ipv6": false,
            "gateway_ipv4": "",
            "id": "projects/secure-guru-451416-j9/global/networks/k3s-network",
            "internal_ipv6_range": "",
            "mtu": 0,
            "name": "k3s-network",
            "network_firewall_policy_enforcement_order": "AFTER_CLASSIC_FIREWALL",
            "project": "secure-guru-451416-j9",
            "routing_mode": "REGIONAL",
            "self_link": "https://www.googleapis.com/compute/v1/projects/secure-guru-451416-j9/global/networks/k3s-network",
            "timeouts": null
          },
          "sensitive_attributes": [],
          "private": "eyJlMmJmYjczMC1lY2FhLTExZTYtOGY4OC0zNDM2M2JjN2M0YzAiOnsiY3JlYXRlIjoxMjAwMDAwMDAwMDAwLCJkZWxldGUiOjEyMDAwMDAwMDAwMDAsInVwZGF0ZSI6MTIwMDAwMDAwMDAwMH19"
        }
      ]
    },
    {
      "mode": "managed",
      "type": "google_compute_subnetwork",
      "name": "subnetwork",
      "provider": "provider[\"registry.terraform.io/hashicorp/google\"]",
      "instances": [
        {
          "schema_version": 0,
          "attributes": {
            "creation_timestamp": "2025-05-07T04:22:21.932-07:00",
            "description": "",
            "external_ipv6_prefix": "",
            "fingerprint": null,
            "gateway_address": "10.0.0.1",
            "id": "projects/secure-guru-451416-j9/regions/us-east1/subnetworks/k3s-subnet",
            "internal_ipv6_prefix": "",
            "ip_cidr_range": "10.0.0.0/16",
            "ipv6_access_type": "",
            "ipv6_cidr_range": "",
            "log_config": [],
            "name": "k3s-subnet",
            "network": "https://www.googleapis.com/compute/v1/projects/secure-guru-451416-j9/global/networks/k3s-network",
            "private_ip_google_access": false,
            "private_ipv6_google_access": "DISABLE_GOOGLE_ACCESS",
            "project": "secure-guru-451416-j9",
            "purpose": "PRIVATE",
            "region": "us-east1",
            "role": "",
            "secondary_ip_range": [],
            "self_link": "https://www.googleapis.com/compute/v1/projects/secure-guru-451416-j9/regions/us-east1/subnetworks/k3s-subnet",
            "stack_type": "IPV4_ONLY",
            "timeouts": null
          },
          "sensitive_attributes": [],
          "private": "eyJlMmJmYjczMC1lY2FhLTExZTYtOGY4OC0zNDM2M2JjN2M0YzAiOnsiY3JlYXRlIjoxMjAwMDAwMDAwMDAwLCJkZWxldGUiOjEyMDAwMDAwMDAwMDAsInVwZGF0ZSI6MTIwMDAwMDAwMDAwMH19",
          "dependencies": [
            "google_compute_network.vpc_network"
          ]
        }
      ]
    },
    {
      "mode": "managed",
      "type": "null_resource",
      "name": "update_hosts",
      "provider": "provider[\"registry.terraform.io/hashicorp/null\"]",
      "instances": [
        {
          "schema_version": 0,
          "attributes": {
            "id": "4293108196464508940",
            "triggers": {
              "master_ips": "\"34.148.169.12\"",
              "worker_ips": "[\"34.23.225.212\",\"34.148.46.80\"]"
            }
          },
          "sensitive_attributes": [],
          "dependencies": [
            "google_compute_instance.k3s_master",
            "google_compute_instance.k3s_worker",
            "google_compute_network.vpc_network",
            "google_compute_subnetwork.subnetwork"
          ]
        }
      ]
    }
  ],
  "check_results": null
}
